
Microsoft Visual Studio Solution File, Format Version 12.00
# Visual Studio Version 17
VisualStudioVersion = 17.12.35728.132
MinimumVisualStudioVersion = 10.0.40219.1
Project("{FAE04EC0-301F-11D3-BF4B-00C04F79EFBC}") = "Phaeyz.Xml", "Phaeyz.Xml\Phaeyz.Xml.csproj", "{83A0DA5B-F0B2-4172-9A85-1951EB4E1E43}"
EndProject
Project("{FAE04EC0-301F-11D3-BF4B-00C04F79EFBC}") = "Phaeyz.Xml.Test", "Phaeyz.Xml.Test\Phaeyz.Xml.Test.csproj", "{D98EA947-9F90-4249-B58D-3BE803F9D563}"
EndProject
Project("{FAE04EC0-301F-11D3-BF4B-00C04F79EFBC}") = "DocGenerator", "DocGenerator\DocGenerator.csproj", "{706CC582-64A1-41FA-ACA7-B37E937BF49B}"
	ProjectSection(ProjectDependencies) = postProject
		{83A0DA5B-F0B2-4172-9A85-1951EB4E1E43} = {83A0DA5B-F0B2-4172-9A85-1951EB4E1E43}
	EndProjectSection
EndProject
Global
	GlobalSection(SolutionConfigurationPlatforms) = preSolution
		Debug|Any CPU = Debug|Any CPU
		Release|Any CPU = Release|Any CPU
	EndGlobalSection
	GlobalSection(ProjectConfigurationPlatforms) = postSolution
		{83A0DA5B-F0B2-4172-9A85-1951EB4E1E43}.Debug|Any CPU.ActiveCfg = Debug|Any CPU
		{83A0DA5B-F0B2-4172-9A85-1951EB4E1E43}.Debug|Any CPU.Build.0 = Debug|Any CPU
		{83A0DA5B-F0B2-4172-9A85-1951EB4E1E43}.Release|Any CPU.ActiveCfg = Release|Any CPU
		{83A0DA5B-F0B2-4172-9A85-1951EB4E1E43}.Release|Any CPU.Build.0 = Release|Any CPU
		{D98EA947-9F90-4249-B58D-3BE803F9D563}.Debug|Any CPU.ActiveCfg = Debug|Any CPU
		{D98EA947-9F90-4249-B58D-3BE803F9D563}.Debug|Any CPU.Build.0 = Debug|Any CPU
		{D98EA947-9F90-4249-B58D-3BE803F9D563}.Release|Any CPU.ActiveCfg = Release|Any CPU
		{D98EA947-9F90-4249-B58D-3BE803F9D563}.Release|Any CPU.Build.0 = Release|Any CPU
		{706CC582-64A1-41FA-ACA7-B37E937BF49B}.Debug|Any CPU.ActiveCfg = Debug|Any CPU
		{706CC582-64A1-41FA-ACA7-B37E937BF49B}.Debug|Any CPU.Build.0 = Debug|Any CPU
		{706CC582-64A1-41FA-ACA7-B37E937BF49B}.Release|Any CPU.ActiveCfg = Release|Any CPU
		{706CC582-64A1-41FA-ACA7-B37E937BF49B}.Release|Any CPU.Build.0 = Release|Any CPU
	EndGlobalSection
	GlobalSection(SolutionProperties) = preSolution
		HideSolutionNode = FALSE
	EndGlobalSection
EndGlobal
